
Microsoft Visual Studio Solution File, Format Version 12.00
# Visual Studio Version 17
VisualStudioVersion = 17.5.33516.290
MinimumVisualStudioVersion = 10.0.40219.1
Project("{9A19103F-16F7-4668-BE54-9A1E7A4F7556}") = "Lesson1", "NetApp\Lesson1.csproj", "{55404A1C-BDF4-4F20-8959-B2D8EF900659}"
EndProject
Project("{9A19103F-16F7-4668-BE54-9A1E7A4F7556}") = "Lesson2", "Task2\Lesson2.csproj", "{01DD2F51-265A-486A-A6AE-8CF259843E79}"
EndProject
Global
	GlobalSection(SolutionConfigurationPlatforms) = preSolution
		Debug|Any CPU = Debug|Any CPU
		Release|Any CPU = Release|Any CPU
	EndGlobalSection
	GlobalSection(ProjectConfigurationPlatforms) = postSolution
		{55404A1C-BDF4-4F20-8959-B2D8EF900659}.Debug|Any CPU.ActiveCfg = Debug|Any CPU
		{55404A1C-BDF4-4F20-8959-B2D8EF900659}.Debug|Any CPU.Build.0 = Debug|Any CPU
		{55404A1C-BDF4-4F20-8959-B2D8EF900659}.Release|Any CPU.ActiveCfg = Release|Any CPU
		{55404A1C-BDF4-4F20-8959-B2D8EF900659}.Release|Any CPU.Build.0 = Release|Any CPU
		{01DD2F51-265A-486A-A6AE-8CF259843E79}.Debug|Any CPU.ActiveCfg = Debug|Any CPU
		{01DD2F51-265A-486A-A6AE-8CF259843E79}.Debug|Any CPU.Build.0 = Debug|Any CPU
		{01DD2F51-265A-486A-A6AE-8CF259843E79}.Release|Any CPU.ActiveCfg = Release|Any CPU
		{01DD2F51-265A-486A-A6AE-8CF259843E79}.Release|Any CPU.Build.0 = Release|Any CPU
	EndGlobalSection
	GlobalSection(SolutionProperties) = preSolution
		HideSolutionNode = FALSE
	EndGlobalSection
	GlobalSection(ExtensibilityGlobals) = postSolution
		SolutionGuid = {39F8203B-3CA0-42CB-90EE-C1C7E19863FF}
	EndGlobalSection
EndGlobal
